{
    "name": "sfnct",
    "version": "1.0.3",
    "lockfileVersion": 3,
    "requires": true,
    "packages": {
        "": {
            "name": "sfnct",
            "version": "1.0.3",
            "license": "ISC",
            "dependencies": {
                "child_process": "^1.0.2",
                "commander": "^11.0.0",
                "url": "^0.11.3"
            },
            "bin": {
                "nct": "index.js"
            }
        },
        "node_modules/call-bind": {
            "version": "1.0.2",
            "license": "MIT",
            "dependencies": {
                "function-bind": "^1.1.1",
                "get-intrinsic": "^1.0.2"
            },
            "funding": {
                "url": "https://github.com/sponsors/ljharb"
            }
        },
        "node_modules/child_process": {
            "version": "1.0.2",
            "resolved": "https://registry.npmjs.org/child_process/-/child_process-1.0.2.tgz",
            "integrity": "sha512-Wmza/JzL0SiWz7kl6MhIKT5ceIlnFPJX+lwUGj7Clhy5MMldsSoJR0+uvRzOS5Kv45Mq7t1PoE8TsOA9bzvb6g=="
        },
        "node_modules/commander": {
            "version": "11.0.0",
            "license": "MIT",
            "engines": {
                "node": ">=16"
            }
        },
        "node_modules/function-bind": {
            "version": "1.1.1",
            "license": "MIT"
        },
        "node_modules/get-intrinsic": {
            "version": "1.2.1",
            "license": "MIT",
            "dependencies": {
                "function-bind": "^1.1.1",
                "has": "^1.0.3",
                "has-proto": "^1.0.1",
                "has-symbols": "^1.0.3"
            },
            "funding": {
                "url": "https://github.com/sponsors/ljharb"
            }
        },
        "node_modules/has": {
            "version": "1.0.3",
            "license": "MIT",
            "dependencies": {
                "function-bind": "^1.1.1"
            },
            "engines": {
                "node": ">= 0.4.0"
            }
        },
        "node_modules/has-proto": {
            "version": "1.0.1",
            "license": "MIT",
            "engines": {
                "node": ">= 0.4"
            },
            "funding": {
                "url": "https://github.com/sponsors/ljharb"
            }
        },
        "node_modules/has-symbols": {
            "version": "1.0.3",
            "license": "MIT",
            "engines": {
                "node": ">= 0.4"
            },
            "funding": {
                "url": "https://github.com/sponsors/ljharb"
            }
        },
        "node_modules/object-inspect": {
            "version": "1.12.3",
            "license": "MIT",
            "funding": {
                "url": "https://github.com/sponsors/ljharb"
            }
        },
        "node_modules/punycode": {
            "version": "1.4.1",
            "license": "MIT"
        },
        "node_modules/qs": {
            "version": "6.11.2",
            "license": "BSD-3-Clause",
            "dependencies": {
                "side-channel": "^1.0.4"
            },
            "engines": {
                "node": ">=0.6"
            },
            "funding": {
                "url": "https://github.com/sponsors/ljharb"
            }
        },
        "node_modules/side-channel": {
            "version": "1.0.4",
            "license": "MIT",
            "dependencies": {
                "call-bind": "^1.0.0",
                "get-intrinsic": "^1.0.2",
                "object-inspect": "^1.9.0"
            },
            "funding": {
                "url": "https://github.com/sponsors/ljharb"
            }
        },
        "node_modules/url": {
            "version": "0.11.3",
            "license": "MIT",
            "dependencies": {
                "punycode": "^1.4.1",
                "qs": "^6.11.2"
            }
        }
    }
}
